
Microsoft Visual Studio Solution File, Format Version 12.00
# Visual Studio 2013
VisualStudioVersion = 12.0.31101.0
MinimumVisualStudioVersion = 10.0.40219.1
Project("{FAE04EC0-301F-11D3-BF4B-00C04F79EFBC}") = "1.Registration_form", "1.Registration_form\1.Registration_form.csproj", "{F1A24FF4-CE9F-4806-9D9D-7282A12BA2C9}"
EndProject
Project("{FAE04EC0-301F-11D3-BF4B-00C04F79EFBC}") = "2.University_grid", "2.University_grid\2.University_grid.csproj", "{71EB227D-475C-46EE-BC2C-BA5C88328827}"
EndProject
Project("{FAE04EC0-301F-11D3-BF4B-00C04F79EFBC}") = "3.Notebook_store", "3.Notebook_store\3.Notebook_store.csproj", "{7811381E-4EC6-4D04-BA18-3F69225A0A07}"
EndProject
Global
	GlobalSection(SolutionConfigurationPlatforms) = preSolution
		Debug|Any CPU = Debug|Any CPU
		Release|Any CPU = Release|Any CPU
	EndGlobalSection
	GlobalSection(ProjectConfigurationPlatforms) = postSolution
		{F1A24FF4-CE9F-4806-9D9D-7282A12BA2C9}.Debug|Any CPU.ActiveCfg = Debug|Any CPU
		{F1A24FF4-CE9F-4806-9D9D-7282A12BA2C9}.Debug|Any CPU.Build.0 = Debug|Any CPU
		{F1A24FF4-CE9F-4806-9D9D-7282A12BA2C9}.Release|Any CPU.ActiveCfg = Release|Any CPU
		{F1A24FF4-CE9F-4806-9D9D-7282A12BA2C9}.Release|Any CPU.Build.0 = Release|Any CPU
		{71EB227D-475C-46EE-BC2C-BA5C88328827}.Debug|Any CPU.ActiveCfg = Debug|Any CPU
		{71EB227D-475C-46EE-BC2C-BA5C88328827}.Debug|Any CPU.Build.0 = Debug|Any CPU
		{71EB227D-475C-46EE-BC2C-BA5C88328827}.Release|Any CPU.ActiveCfg = Release|Any CPU
		{71EB227D-475C-46EE-BC2C-BA5C88328827}.Release|Any CPU.Build.0 = Release|Any CPU
		{7811381E-4EC6-4D04-BA18-3F69225A0A07}.Debug|Any CPU.ActiveCfg = Debug|Any CPU
		{7811381E-4EC6-4D04-BA18-3F69225A0A07}.Debug|Any CPU.Build.0 = Debug|Any CPU
		{7811381E-4EC6-4D04-BA18-3F69225A0A07}.Release|Any CPU.ActiveCfg = Release|Any CPU
		{7811381E-4EC6-4D04-BA18-3F69225A0A07}.Release|Any CPU.Build.0 = Release|Any CPU
	EndGlobalSection
	GlobalSection(SolutionProperties) = preSolution
		HideSolutionNode = FALSE
	EndGlobalSection
EndGlobal
