
Microsoft Visual Studio Solution File, Format Version 12.00
# Visual Studio 2013
VisualStudioVersion = 12.0.31101.0
MinimumVisualStudioVersion = 10.0.40219.1
Project("{FAE04EC0-301F-11D3-BF4B-00C04F79EFBC}") = "01.Square_root", "01.Square_root\01.Square_root.csproj", "{882088E7-4148-481B-9345-2360B28F7B24}"
EndProject
Project("{FAE04EC0-301F-11D3-BF4B-00C04F79EFBC}") = "02.Enter_numbers", "02.Enter_numbers\02.Enter_numbers.csproj", "{14BFB498-8811-4486-B107-CA1BD965A2E2}"
EndProject
Project("{FAE04EC0-301F-11D3-BF4B-00C04F79EFBC}") = "03.Read_file_contents", "03.Read_file_contents\03.Read_file_contents.csproj", "{773B2B48-457C-4DA2-94E7-C8AEEFAED427}"
EndProject
Project("{FAE04EC0-301F-11D3-BF4B-00C04F79EFBC}") = "04.Download_file", "04.Download_file\04.Download_file.csproj", "{04FF0AFF-CB1D-4BE5-8DD4-40621138C885}"
EndProject
Global
	GlobalSection(SolutionConfigurationPlatforms) = preSolution
		Debug|Any CPU = Debug|Any CPU
		Release|Any CPU = Release|Any CPU
	EndGlobalSection
	GlobalSection(ProjectConfigurationPlatforms) = postSolution
		{882088E7-4148-481B-9345-2360B28F7B24}.Debug|Any CPU.ActiveCfg = Debug|Any CPU
		{882088E7-4148-481B-9345-2360B28F7B24}.Debug|Any CPU.Build.0 = Debug|Any CPU
		{882088E7-4148-481B-9345-2360B28F7B24}.Release|Any CPU.ActiveCfg = Release|Any CPU
		{882088E7-4148-481B-9345-2360B28F7B24}.Release|Any CPU.Build.0 = Release|Any CPU
		{14BFB498-8811-4486-B107-CA1BD965A2E2}.Debug|Any CPU.ActiveCfg = Debug|Any CPU
		{14BFB498-8811-4486-B107-CA1BD965A2E2}.Debug|Any CPU.Build.0 = Debug|Any CPU
		{14BFB498-8811-4486-B107-CA1BD965A2E2}.Release|Any CPU.ActiveCfg = Release|Any CPU
		{14BFB498-8811-4486-B107-CA1BD965A2E2}.Release|Any CPU.Build.0 = Release|Any CPU
		{773B2B48-457C-4DA2-94E7-C8AEEFAED427}.Debug|Any CPU.ActiveCfg = Debug|Any CPU
		{773B2B48-457C-4DA2-94E7-C8AEEFAED427}.Debug|Any CPU.Build.0 = Debug|Any CPU
		{773B2B48-457C-4DA2-94E7-C8AEEFAED427}.Release|Any CPU.ActiveCfg = Release|Any CPU
		{773B2B48-457C-4DA2-94E7-C8AEEFAED427}.Release|Any CPU.Build.0 = Release|Any CPU
		{04FF0AFF-CB1D-4BE5-8DD4-40621138C885}.Debug|Any CPU.ActiveCfg = Debug|Any CPU
		{04FF0AFF-CB1D-4BE5-8DD4-40621138C885}.Debug|Any CPU.Build.0 = Debug|Any CPU
		{04FF0AFF-CB1D-4BE5-8DD4-40621138C885}.Release|Any CPU.ActiveCfg = Release|Any CPU
		{04FF0AFF-CB1D-4BE5-8DD4-40621138C885}.Release|Any CPU.Build.0 = Release|Any CPU
	EndGlobalSection
	GlobalSection(SolutionProperties) = preSolution
		HideSolutionNode = FALSE
	EndGlobalSection
EndGlobal
