
Microsoft Visual Studio Solution File, Format Version 12.00
# Visual Studio 2013
VisualStudioVersion = 12.0.31101.0
MinimumVisualStudioVersion = 10.0.40219.1
Project("{FAE04EC0-301F-11D3-BF4B-00C04F79EFBC}") = "School", "School\School.csproj", "{0C8EAA42-881B-4429-9367-8E0B42260483}"
EndProject
Project("{FAE04EC0-301F-11D3-BF4B-00C04F79EFBC}") = "School.Tests", "School.Tests\School.Tests.csproj", "{B0DBECDE-A570-4D13-8306-785A8FAD0636}"
EndProject
Global
	GlobalSection(SolutionConfigurationPlatforms) = preSolution
		Debug|Any CPU = Debug|Any CPU
		Release|Any CPU = Release|Any CPU
	EndGlobalSection
	GlobalSection(ProjectConfigurationPlatforms) = postSolution
		{0C8EAA42-881B-4429-9367-8E0B42260483}.Debug|Any CPU.ActiveCfg = Debug|Any CPU
		{0C8EAA42-881B-4429-9367-8E0B42260483}.Debug|Any CPU.Build.0 = Debug|Any CPU
		{0C8EAA42-881B-4429-9367-8E0B42260483}.Release|Any CPU.ActiveCfg = Release|Any CPU
		{0C8EAA42-881B-4429-9367-8E0B42260483}.Release|Any CPU.Build.0 = Release|Any CPU
		{B0DBECDE-A570-4D13-8306-785A8FAD0636}.Debug|Any CPU.ActiveCfg = Debug|Any CPU
		{B0DBECDE-A570-4D13-8306-785A8FAD0636}.Debug|Any CPU.Build.0 = Debug|Any CPU
		{B0DBECDE-A570-4D13-8306-785A8FAD0636}.Release|Any CPU.ActiveCfg = Release|Any CPU
		{B0DBECDE-A570-4D13-8306-785A8FAD0636}.Release|Any CPU.Build.0 = Release|Any CPU
	EndGlobalSection
	GlobalSection(SolutionProperties) = preSolution
		HideSolutionNode = FALSE
	EndGlobalSection
EndGlobal
