
Microsoft Visual Studio Solution File, Format Version 12.00
# Visual Studio 2013
VisualStudioVersion = 12.0.31101.0
MinimumVisualStudioVersion = 10.0.40219.1
Project("{FAE04EC0-301F-11D3-BF4B-00C04F79EFBC}") = "1.class_123inCSharp", "1.class_123inCSharp\1.class_123inCSharp.csproj", "{C7AA71B2-646F-4DC6-9392-5C2B7CA29C83}"
EndProject
Project("{FAE04EC0-301F-11D3-BF4B-00C04F79EFBC}") = "2.MakePersonInCSharp", "2.MakePersonInCSharp\2.MakePersonInCSharp.csproj", "{C1BC1594-5BF3-40EF-87D1-3C3DC3460499}"
EndProject
Project("{FAE04EC0-301F-11D3-BF4B-00C04F79EFBC}") = "4.RefactorAndImprove", "4.RefactorAndImprove\4.RefactorAndImprove.csproj", "{DA53903B-4263-4D06-8DFE-3FD102C86569}"
EndProject
Project("{FAE04EC0-301F-11D3-BF4B-00C04F79EFBC}") = "3.ClickOnTheButtonInJS", "3.ClickOnTheButtonInJS\3.ClickOnTheButtonInJS.csproj", "{2FB886B0-B02A-4EDC-BB85-CFEF52F0E30A}"
EndProject
Global
	GlobalSection(SolutionConfigurationPlatforms) = preSolution
		Debug|Any CPU = Debug|Any CPU
		Release|Any CPU = Release|Any CPU
	EndGlobalSection
	GlobalSection(ProjectConfigurationPlatforms) = postSolution
		{C7AA71B2-646F-4DC6-9392-5C2B7CA29C83}.Debug|Any CPU.ActiveCfg = Debug|Any CPU
		{C7AA71B2-646F-4DC6-9392-5C2B7CA29C83}.Debug|Any CPU.Build.0 = Debug|Any CPU
		{C7AA71B2-646F-4DC6-9392-5C2B7CA29C83}.Release|Any CPU.ActiveCfg = Release|Any CPU
		{C7AA71B2-646F-4DC6-9392-5C2B7CA29C83}.Release|Any CPU.Build.0 = Release|Any CPU
		{C1BC1594-5BF3-40EF-87D1-3C3DC3460499}.Debug|Any CPU.ActiveCfg = Debug|Any CPU
		{C1BC1594-5BF3-40EF-87D1-3C3DC3460499}.Debug|Any CPU.Build.0 = Debug|Any CPU
		{C1BC1594-5BF3-40EF-87D1-3C3DC3460499}.Release|Any CPU.ActiveCfg = Release|Any CPU
		{C1BC1594-5BF3-40EF-87D1-3C3DC3460499}.Release|Any CPU.Build.0 = Release|Any CPU
		{DA53903B-4263-4D06-8DFE-3FD102C86569}.Debug|Any CPU.ActiveCfg = Debug|Any CPU
		{DA53903B-4263-4D06-8DFE-3FD102C86569}.Debug|Any CPU.Build.0 = Debug|Any CPU
		{DA53903B-4263-4D06-8DFE-3FD102C86569}.Release|Any CPU.ActiveCfg = Release|Any CPU
		{DA53903B-4263-4D06-8DFE-3FD102C86569}.Release|Any CPU.Build.0 = Release|Any CPU
		{2FB886B0-B02A-4EDC-BB85-CFEF52F0E30A}.Debug|Any CPU.ActiveCfg = Debug|Any CPU
		{2FB886B0-B02A-4EDC-BB85-CFEF52F0E30A}.Debug|Any CPU.Build.0 = Debug|Any CPU
		{2FB886B0-B02A-4EDC-BB85-CFEF52F0E30A}.Release|Any CPU.ActiveCfg = Release|Any CPU
		{2FB886B0-B02A-4EDC-BB85-CFEF52F0E30A}.Release|Any CPU.Build.0 = Release|Any CPU
	EndGlobalSection
	GlobalSection(SolutionProperties) = preSolution
		HideSolutionNode = FALSE
	EndGlobalSection
EndGlobal
