
Microsoft Visual Studio Solution File, Format Version 12.00
# Visual Studio 2013
VisualStudioVersion = 12.0.31101.0
MinimumVisualStudioVersion = 10.0.40219.1
Project("{FAE04EC0-301F-11D3-BF4B-00C04F79EFBC}") = "1.Ticket_CSS", "1.Ticket_CSS\1.Ticket_CSS.csproj", "{51486C7B-B6F5-424B-8CB3-88532CA131EE}"
EndProject
Project("{FAE04EC0-301F-11D3-BF4B-00C04F79EFBC}") = "2.International_Employees", "2.International_Employees\2.International_Employees.csproj", "{BB9C92EB-4112-4CCD-8398-06E69F3E7232}"
EndProject
Project("{FAE04EC0-301F-11D3-BF4B-00C04F79EFBC}") = "3.Forum_Posts", "3.Forum_Posts\3.Forum_Posts.csproj", "{E0C47213-CC62-4E9B-AC67-CA9ECAE0DABE}"
EndProject
Global
	GlobalSection(SolutionConfigurationPlatforms) = preSolution
		Debug|Any CPU = Debug|Any CPU
		Release|Any CPU = Release|Any CPU
	EndGlobalSection
	GlobalSection(ProjectConfigurationPlatforms) = postSolution
		{51486C7B-B6F5-424B-8CB3-88532CA131EE}.Debug|Any CPU.ActiveCfg = Debug|Any CPU
		{51486C7B-B6F5-424B-8CB3-88532CA131EE}.Debug|Any CPU.Build.0 = Debug|Any CPU
		{51486C7B-B6F5-424B-8CB3-88532CA131EE}.Release|Any CPU.ActiveCfg = Release|Any CPU
		{51486C7B-B6F5-424B-8CB3-88532CA131EE}.Release|Any CPU.Build.0 = Release|Any CPU
		{BB9C92EB-4112-4CCD-8398-06E69F3E7232}.Debug|Any CPU.ActiveCfg = Debug|Any CPU
		{BB9C92EB-4112-4CCD-8398-06E69F3E7232}.Debug|Any CPU.Build.0 = Debug|Any CPU
		{BB9C92EB-4112-4CCD-8398-06E69F3E7232}.Release|Any CPU.ActiveCfg = Release|Any CPU
		{BB9C92EB-4112-4CCD-8398-06E69F3E7232}.Release|Any CPU.Build.0 = Release|Any CPU
		{E0C47213-CC62-4E9B-AC67-CA9ECAE0DABE}.Debug|Any CPU.ActiveCfg = Debug|Any CPU
		{E0C47213-CC62-4E9B-AC67-CA9ECAE0DABE}.Debug|Any CPU.Build.0 = Debug|Any CPU
		{E0C47213-CC62-4E9B-AC67-CA9ECAE0DABE}.Release|Any CPU.ActiveCfg = Release|Any CPU
		{E0C47213-CC62-4E9B-AC67-CA9ECAE0DABE}.Release|Any CPU.Build.0 = Release|Any CPU
	EndGlobalSection
	GlobalSection(SolutionProperties) = preSolution
		HideSolutionNode = FALSE
	EndGlobalSection
EndGlobal
